
Microsoft Visual Studio Solution File, Format Version 12.00
# Visual Studio Version 17
VisualStudioVersion = 17.9.34622.214
MinimumVisualStudioVersion = 10.0.40219.1
Project("{FAE04EC0-301F-11D3-BF4B-00C04F79EFBC}") = "EgyszamjatekGUI", "EgyszamjatekGUI\EgyszamjatekGUI.csproj", "{625C1383-D2AD-4ED2-BD92-DB2756847CEF}"
EndProject
Global
	GlobalSection(SolutionConfigurationPlatforms) = preSolution
		Debug|Any CPU = Debug|Any CPU
		Release|Any CPU = Release|Any CPU
	EndGlobalSection
	GlobalSection(ProjectConfigurationPlatforms) = postSolution
		{625C1383-D2AD-4ED2-BD92-DB2756847CEF}.Debug|Any CPU.ActiveCfg = Debug|Any CPU
		{625C1383-D2AD-4ED2-BD92-DB2756847CEF}.Debug|Any CPU.Build.0 = Debug|Any CPU
		{625C1383-D2AD-4ED2-BD92-DB2756847CEF}.Release|Any CPU.ActiveCfg = Release|Any CPU
		{625C1383-D2AD-4ED2-BD92-DB2756847CEF}.Release|Any CPU.Build.0 = Release|Any CPU
	EndGlobalSection
	GlobalSection(SolutionProperties) = preSolution
		HideSolutionNode = FALSE
	EndGlobalSection
	GlobalSection(ExtensibilityGlobals) = postSolution
		SolutionGuid = {ACCA6AE2-0267-4B81-8624-B9D683F44412}
	EndGlobalSection
EndGlobal
